
Microsoft Visual Studio Solution File, Format Version 12.00
# Visual Studio Version 17
VisualStudioVersion = 17.9.34714.143
MinimumVisualStudioVersion = 10.0.40219.1
Project("{FAE04EC0-301F-11D3-BF4B-00C04F79EFBC}") = "CandidateManagementSystemV2.Server", "CandidateManagementSystemV2.Server\CandidateManagementSystemV2.Server.csproj", "{A85B91A8-55A7-4BBE-B550-1CE902B00485}"
EndProject
Project("{54A90642-561A-4BB1-A94E-469ADEE60C69}") = "candidatemanagementsystemv2.client", "candidatemanagementsystemv2.client\candidatemanagementsystemv2.client.esproj", "{5405EDC3-19BF-4BC9-8859-A3374A3ECADD}"
EndProject
Global
	GlobalSection(SolutionConfigurationPlatforms) = preSolution
		Debug|Any CPU = Debug|Any CPU
		Release|Any CPU = Release|Any CPU
	EndGlobalSection
	GlobalSection(ProjectConfigurationPlatforms) = postSolution
		{A85B91A8-55A7-4BBE-B550-1CE902B00485}.Debug|Any CPU.ActiveCfg = Debug|Any CPU
		{A85B91A8-55A7-4BBE-B550-1CE902B00485}.Debug|Any CPU.Build.0 = Debug|Any CPU
		{A85B91A8-55A7-4BBE-B550-1CE902B00485}.Release|Any CPU.ActiveCfg = Release|Any CPU
		{A85B91A8-55A7-4BBE-B550-1CE902B00485}.Release|Any CPU.Build.0 = Release|Any CPU
		{5405EDC3-19BF-4BC9-8859-A3374A3ECADD}.Debug|Any CPU.ActiveCfg = Debug|Any CPU
		{5405EDC3-19BF-4BC9-8859-A3374A3ECADD}.Debug|Any CPU.Build.0 = Debug|Any CPU
		{5405EDC3-19BF-4BC9-8859-A3374A3ECADD}.Debug|Any CPU.Deploy.0 = Debug|Any CPU
		{5405EDC3-19BF-4BC9-8859-A3374A3ECADD}.Release|Any CPU.ActiveCfg = Release|Any CPU
		{5405EDC3-19BF-4BC9-8859-A3374A3ECADD}.Release|Any CPU.Build.0 = Release|Any CPU
		{5405EDC3-19BF-4BC9-8859-A3374A3ECADD}.Release|Any CPU.Deploy.0 = Release|Any CPU
	EndGlobalSection
	GlobalSection(SolutionProperties) = preSolution
		HideSolutionNode = FALSE
	EndGlobalSection
	GlobalSection(ExtensibilityGlobals) = postSolution
		SolutionGuid = {60F6CE9C-324D-49AB-A8DA-0CE14ECC1086}
	EndGlobalSection
EndGlobal
